
Microsoft Visual Studio Solution File, Format Version 12.00
# Visual Studio 15
VisualStudioVersion = 15.0.27004.2009
MinimumVisualStudioVersion = 10.0.40219.1
Project("{9A19103F-16F7-4668-BE54-9A1E7A4F7556}") = "TheWorld", "TheWorld\TheWorld.csproj", "{B54FF493-13E7-4729-9449-32543B5CFA17}"
EndProject
Project("{FAE04EC0-301F-11D3-BF4B-00C04F79EFBC}") = "Testes", "Testes\Testes.csproj", "{6782FDA5-AA13-4701-A988-5968FDD5C561}"
EndProject
Global
	GlobalSection(SolutionConfigurationPlatforms) = preSolution
		Debug|Any CPU = Debug|Any CPU
		Release|Any CPU = Release|Any CPU
	EndGlobalSection
	GlobalSection(ProjectConfigurationPlatforms) = postSolution
		{B54FF493-13E7-4729-9449-32543B5CFA17}.Debug|Any CPU.ActiveCfg = Debug|Any CPU
		{B54FF493-13E7-4729-9449-32543B5CFA17}.Debug|Any CPU.Build.0 = Debug|Any CPU
		{B54FF493-13E7-4729-9449-32543B5CFA17}.Release|Any CPU.ActiveCfg = Release|Any CPU
		{B54FF493-13E7-4729-9449-32543B5CFA17}.Release|Any CPU.Build.0 = Release|Any CPU
		{6782FDA5-AA13-4701-A988-5968FDD5C561}.Debug|Any CPU.ActiveCfg = Debug|Any CPU
		{6782FDA5-AA13-4701-A988-5968FDD5C561}.Debug|Any CPU.Build.0 = Debug|Any CPU
		{6782FDA5-AA13-4701-A988-5968FDD5C561}.Release|Any CPU.ActiveCfg = Release|Any CPU
		{6782FDA5-AA13-4701-A988-5968FDD5C561}.Release|Any CPU.Build.0 = Release|Any CPU
	EndGlobalSection
	GlobalSection(SolutionProperties) = preSolution
		HideSolutionNode = FALSE
	EndGlobalSection
	GlobalSection(ExtensibilityGlobals) = postSolution
		SolutionGuid = {FDAA9966-4620-4CA9-BC4A-BC70D3E28C8B}
	EndGlobalSection
EndGlobal
